// !$*UTF8*$!
{
	archiveVersion = 1;
	classes = {
	};
	objectVersion = 51;
	objects = {

/* Begin PBXBuildFile section */
		6A6616A022BB78C30062267D /* AppDelegate.swift in Sources */ = {isa = PBXBuildFile; fileRef = 6A66169F22BB78C30062267D /* AppDelegate.swift */; };
		6A6616A222BB78C30062267D /* ViewController.swift in Sources */ = {isa = PBXBuildFile; fileRef = 6A6616A122BB78C30062267D /* ViewController.swift */; };
		6A6616A522BB78C30062267D /* Main.storyboard in Resources */ = {isa = PBXBuildFile; fileRef = 6A6616A322BB78C30062267D /* Main.storyboard */; };
		6A6616AA22BB78C50062267D /* LaunchScreen.storyboard in Resources */ = {isa = PBXBuildFile; fileRef = 6A6616A822BB78C50062267D /* LaunchScreen.storyboard */; };
		6A6616B522BB78C50062267D /* NewAppSwiftTests.swift in Sources */ = {isa = PBXBuildFile; fileRef = 6A6616B422BB78C50062267D /* NewAppSwiftTests.swift */; };
		6A6616C022BB78C50062267D /* NewAppSwiftUITests.swift in Sources */ = {isa = PBXBuildFile; fileRef = 6A6616BF22BB78C50062267D /* NewAppSwiftUITests.swift */; };
		6A6616CF22BB80E90062267D /* Assets.xcassets in Resources */ = {isa = PBXBuildFile; fileRef = 6A6616CE22BB80E90062267D /* Assets.xcassets */; };
		6A6616D122BB81380062267D /* Cat.wav in Resources */ = {isa = PBXBuildFile; fileRef = 6A6616D022BB81380062267D /* Cat.wav */; };
		6A6F88F522BBADCD00EDBB58 /* AVFoundation.framework in Frameworks */ = {isa = PBXBuildFile; fileRef = 6A6F88F422BBADCD00EDBB58 /* AVFoundation.framework */; };
/* End PBXBuildFile section */

/* Begin PBXContainerItemProxy section */
		6A6616B122BB78C50062267D /* PBXContainerItemProxy */ = {
			isa = PBXContainerItemProxy;
			containerPortal = 6A66169422BB78C30062267D /* Project object */;
			proxyType = 1;
			remoteGlobalIDString = 6A66169B22BB78C30062267D;
			remoteInfo = NewAppSwift;
		};
		6A6616BC22BB78C50062267D /* PBXContainerItemProxy */ = {
			isa = PBXContainerItemProxy;
			containerPortal = 6A66169422BB78C30062267D /* Project object */;
			proxyType = 1;
			remoteGlobalIDString = 6A66169B22BB78C30062267D;
			remoteInfo = NewAppSwift;
		};
/* End PBXContainerItemProxy section */

/* Begin PBXFileReference section */
		6A66169C22BB78C30062267D /* NewAppSwift.app */ = {isa = PBXFileReference; explicitFileType = wrapper.application; includeInIndex = 0; path = NewAppSwift.app; sourceTree = BUILT_PRODUCTS_DIR; };
		6A66169F22BB78C30062267D /* AppDelegate.swift */ = {isa = PBXFileReference; lastKnownFileType = sourcecode.swift; path = AppDelegate.swift; sourceTree = "<group>"; };
		6A6616A122BB78C30062267D /* ViewController.swift */ = {isa = PBXFileReference; lastKnownFileType = sourcecode.swift; path = ViewController.swift; sourceTree = "<group>"; };
		6A6616A422BB78C30062267D /* Base */ = {isa = PBXFileReference; lastKnownFileType = file.storyboard; name = Base; path = Base.lproj/Main.storyboard; sourceTree = "<group>"; };
		6A6616A922BB78C50062267D /* Base */ = {isa = PBXFileReference; lastKnownFileType = file.storyboard; name = Base; path = Base.lproj/LaunchScreen.storyboard; sourceTree = "<group>"; };
		6A6616AB22BB78C50062267D /* Info.plist */ = {isa = PBXFileReference; lastKnownFileType = text.plist.xml; path = Info.plist; sourceTree = "<group>"; };
		6A6616B022BB78C50062267D /* NewAppSwiftTests.xctest */ = {isa = PBXFileReference; explicitFileType = wrapper.cfbundle; includeInIndex = 0; path = NewAppSwiftTests.xctest; sourceTree = BUILT_PRODUCTS_DIR; };
		6A6616B422BB78C50062267D /* NewAppSwiftTests.swift */ = {isa = PBXFileReference; lastKnownFileType = sourcecode.swift; path = NewAppSwiftTests.swift; sourceTree = "<group>"; };
		6A6616B622BB78C50062267D /* Info.plist */ = {isa = PBXFileReference; lastKnownFileType = text.plist.xml; path = Info.plist; sourceTree = "<group>"; };
		6A6616BB22BB78C50062267D /* NewAppSwiftUITests.xctest */ = {isa = PBXFileReference; explicitFileType = wrapper.cfbundle; includeInIndex = 0; path = NewAppSwiftUITests.xctest; sourceTree = BUILT_PRODUCTS_DIR; };
		6A6616BF22BB78C50062267D /* NewAppSwiftUITests.swift */ = {isa = PBXFileReference; lastKnownFileType = sourcecode.swift; path = NewAppSwiftUITests.swift; sourceTree = "<group>"; };
		6A6616C122BB78C50062267D /* Info.plist */ = {isa = PBXFileReference; lastKnownFileType = text.plist.xml; path = Info.plist; sourceTree = "<group>"; };
		6A6616CE22BB80E90062267D /* Assets.xcassets */ = {isa = PBXFileReference; lastKnownFileType = folder.assetcatalog; path = Assets.xcassets; sourceTree = "<group>"; };
		6A6616D022BB81380062267D /* Cat.wav */ = {isa = PBXFileReference; lastKnownFileType = audio.wav; path = Cat.wav; sourceTree = "<group>"; };
		6A6F88F422BBADCD00EDBB58 /* AVFoundation.framework */ = {isa = PBXFileReference; lastKnownFileType = wrapper.framework; name = AVFoundation.framework; path = System/Library/Frameworks/AVFoundation.framework; sourceTree = SDKROOT; };
/* End PBXFileReference section */

/* Begin PBXFrameworksBuildPhase section */
		6A66169922BB78C30062267D /* Frameworks */ = {
			isa = PBXFrameworksBuildPhase;
			buildActionMask = 2147483647;
			files = (
				6A6F88F522BBADCD00EDBB58 /* AVFoundation.framework in Frameworks */,
			);
			runOnlyForDeploymentPostprocessing = 0;
		};
		6A6616AD22BB78C50062267D /* Frameworks */ = {
			isa = PBXFrameworksBuildPhase;
			buildActionMask = 2147483647;
			files = (
			);
			runOnlyForDeploymentPostprocessing = 0;
		};
		6A6616B822BB78C50062267D /* Frameworks */ = {
			isa = PBXFrameworksBuildPhase;
			buildActionMask = 2147483647;
			files = (
			);
			runOnlyForDeploymentPostprocessing = 0;
		};
/* End PBXFrameworksBuildPhase section */

/* Begin PBXGroup section */
		6A66169322BB78C30062267D = {
			isa = PBXGroup;
			children = (
				6A66169E22BB78C30062267D /* NewAppSwift */,
				6A6616B322BB78C50062267D /* NewAppSwiftTests */,
				6A6616BE22BB78C50062267D /* NewAppSwiftUITests */,
				6A66169D22BB78C30062267D /* Products */,
				6A6F88F322BBADCD00EDBB58 /* Frameworks */,
			);
			sourceTree = "<group>";
		};
		6A66169D22BB78C30062267D /* Products */ = {
			isa = PBXGroup;
			children = (
				6A66169C22BB78C30062267D /* NewAppSwift.app */,
				6A6616B022BB78C50062267D /* NewAppSwiftTests.xctest */,
				6A6616BB22BB78C50062267D /* NewAppSwiftUITests.xctest */,
			);
			name = Products;
			sourceTree = "<group>";
		};
		6A66169E22BB78C30062267D /* NewAppSwift */ = {
			isa = PBXGroup;
			children = (
				6A6616CE22BB80E90062267D /* Assets.xcassets */,
				6A6616D022BB81380062267D /* Cat.wav */,
				6A66169F22BB78C30062267D /* AppDelegate.swift */,
				6A6616A122BB78C30062267D /* ViewController.swift */,
				6A6616A322BB78C30062267D /* Main.storyboard */,
				6A6616A822BB78C50062267D /* LaunchScreen.storyboard */,
				6A6616AB22BB78C50062267D /* Info.plist */,
			);
			path = NewAppSwift;
			sourceTree = "<group>";
		};
		6A6616B322BB78C50062267D /* NewAppSwiftTests */ = {
			isa = PBXGroup;
			children = (
				6A6616B422BB78C50062267D /* NewAppSwiftTests.swift */,
				6A6616B622BB78C50062267D /* Info.plist */,
			);
			path = NewAppSwiftTests;
			sourceTree = "<group>";
		};
		6A6616BE22BB78C50062267D /* NewAppSwiftUITests */ = {
			isa = PBXGroup;
			children = (
				6A6616BF22BB78C50062267D /* NewAppSwiftUITests.swift */,
				6A6616C122BB78C50062267D /* Info.plist */,
			);
			path = NewAppSwiftUITests;
			sourceTree = "<group>";
		};
		6A6F88F322BBADCD00EDBB58 /* Frameworks */ = {
			isa = PBXGroup;
			children = (
				6A6F88F422BBADCD00EDBB58 /* AVFoundation.framework */,
			);
			name = Frameworks;
			sourceTree = "<group>";
		};
/* End PBXGroup section */

/* Begin PBXNativeTarget section */
		6A66169B22BB78C30062267D /* NewAppSwift */ = {
			isa = PBXNativeTarget;
			buildConfigurationList = 6A6616C422BB78C50062267D /* Build configuration list for PBXNativeTarget "NewAppSwift" */;
			buildPhases = (
				6A66169822BB78C30062267D /* Sources */,
				6A66169922BB78C30062267D /* Frameworks */,
				6A66169A22BB78C30062267D /* Resources */,
			);
			buildRules = (
			);
			dependencies = (
			);
			name = NewAppSwift;
			productName = NewAppSwift;
			productReference = 6A66169C22BB78C30062267D /* NewAppSwift.app */;
			productType = "com.apple.product-type.application";
		};
		6A6616AF22BB78C50062267D /* NewAppSwiftTests */ = {
			isa = PBXNativeTarget;
			buildConfigurationList = 6A6616C722BB78C50062267D /* Build configuration list for PBXNativeTarget "NewAppSwiftTests" */;
			buildPhases = (
				6A6616AC22BB78C50062267D /* Sources */,
				6A6616AD22BB78C50062267D /* Frameworks */,
				6A6616AE22BB78C50062267D /* Resources */,
			);
			buildRules = (
			);
			dependencies = (
				6A6616B222BB78C50062267D /* PBXTargetDependency */,
			);
			name = NewAppSwiftTests;
			productName = NewAppSwiftTests;
			productReference = 6A6616B022BB78C50062267D /* NewAppSwiftTests.xctest */;
			productType = "com.apple.product-type.bundle.unit-test";
		};
		6A6616BA22BB78C50062267D /* NewAppSwiftUITests */ = {
			isa = PBXNativeTarget;
			buildConfigurationList = 6A6616CA22BB78C50062267D /* Build configuration list for PBXNativeTarget "NewAppSwiftUITests" */;
			buildPhases = (
				6A6616B722BB78C50062267D /* Sources */,
				6A6616B822BB78C50062267D /* Frameworks */,
				6A6616B922BB78C50062267D /* Resources */,
			);
			buildRules = (
			);
			dependencies = (
				6A6616BD22BB78C50062267D /* PBXTargetDependency */,
			);
			name = NewAppSwiftUITests;
			productName = NewAppSwiftUITests;
			productReference = 6A6616BB22BB78C50062267D /* NewAppSwiftUITests.xctest */;
			productType = "com.apple.product-type.bundle.ui-testing";
		};
/* End PBXNativeTarget section */

/* Begin PBXProject section */
		6A66169422BB78C30062267D /* Project object */ = {
			isa = PBXProject;
			attributes = {
				LastSwiftUpdateCheck = 1010;
				LastUpgradeCheck = 1010;
				ORGANIZATIONNAME = Tuentuenna;
				TargetAttributes = {
					6A66169B22BB78C30062267D = {
						CreatedOnToolsVersion = 10.1;
					};
					6A6616AF22BB78C50062267D = {
						CreatedOnToolsVersion = 10.1;
						TestTargetID = 6A66169B22BB78C30062267D;
					};
					6A6616BA22BB78C50062267D = {
						CreatedOnToolsVersion = 10.1;
						TestTargetID = 6A66169B22BB78C30062267D;
					};
				};
			};
			buildConfigurationList = 6A66169722BB78C30062267D /* Build configuration list for PBXProject "NewAppSwift" */;
			compatibilityVersion = "Xcode 10.0";
			developmentRegion = en;
			hasScannedForEncodings = 0;
			knownRegions = (
				en,
				Base,
			);
			mainGroup = 6A66169322BB78C30062267D;
			productRefGroup = 6A66169D22BB78C30062267D /* Products */;
			projectDirPath = "";
			projectRoot = "";
			targets = (
				6A66169B22BB78C30062267D /* NewAppSwift */,
				6A6616AF22BB78C50062267D /* NewAppSwiftTests */,
				6A6616BA22BB78C50062267D /* NewAppSwiftUITests */,
			);
		};
/* End PBXProject section */

/* Begin PBXResourcesBuildPhase section */
		6A66169A22BB78C30062267D /* Resources */ = {
			isa = PBXResourcesBuildPhase;
			buildActionMask = 2147483647;
			files = (
				6A6616AA22BB78C50062267D /* LaunchScreen.storyboard in Resources */,
				6A6616CF22BB80E90062267D /* Assets.xcassets in Resources */,
				6A6616A522BB78C30062267D /* Main.storyboard in Resources */,
				6A6616D122BB81380062267D /* Cat.wav in Resources */,
			);
			runOnlyForDeploymentPostprocessing = 0;
		};
		6A6616AE22BB78C50062267D /* Resources */ = {
			isa = PBXResourcesBuildPhase;
			buildActionMask = 2147483647;
			files = (
			);
			runOnlyForDeploymentPostprocessing = 0;
		};
		6A6616B922BB78C50062267D /* Resources */ = {
			isa = PBXResourcesBuildPhase;
			buildActionMask = 2147483647;
			files = (
			);
			runOnlyForDeploymentPostprocessing = 0;
		};
/* End PBXResourcesBuildPhase section */

/* Begin PBXSourcesBuildPhase section */
		6A66169822BB78C30062267D /* Sources */ = {
			isa = PBXSourcesBuildPhase;
			buildActionMask = 2147483647;
			files = (
				6A6616A222BB78C30062267D /* ViewController.swift in Sources */,
				6A6616A022BB78C30062267D /* AppDelegate.swift in Sources */,
			);
			runOnlyForDeploymentPostprocessing = 0;
		};
		6A6616AC22BB78C50062267D /* Sources */ = {
			isa = PBXSourcesBuildPhase;
			buildActionMask = 2147483647;
			files = (
				6A6616B522BB78C50062267D /* NewAppSwiftTests.swift in Sources */,
			);
			runOnlyForDeploymentPostprocessing = 0;
		};
		6A6616B722BB78C50062267D /* Sources */ = {
			isa = PBXSourcesBuildPhase;
			buildActionMask = 2147483647;
			files = (
				6A6616C022BB78C50062267D /* NewAppSwiftUITests.swift in Sources */,
			);
			runOnlyForDeploymentPostprocessing = 0;
		};
/* End PBXSourcesBuildPhase section */

/* Begin PBXTargetDependency section */
		6A6616B222BB78C50062267D /* PBXTargetDependency */ = {
			isa = PBXTargetDependency;
			target = 6A66169B22BB78C30062267D /* NewAppSwift */;
			targetProxy = 6A6616B122BB78C50062267D /* PBXContainerItemProxy */;
		};
		6A6616BD22BB78C50062267D /* PBXTargetDependency */ = {
			isa = PBXTargetDependency;
			target = 6A66169B22BB78C30062267D /* NewAppSwift */;
			targetProxy = 6A6616BC22BB78C50062267D /* PBXContainerItemProxy */;
		};
/* End PBXTargetDependency section */

/* Begin PBXVariantGroup section */
		6A6616A322BB78C30062267D /* Main.storyboard */ = {
			isa = PBXVariantGroup;
			children = (
				6A6616A422BB78C30062267D /* Base */,
			);
			name = Main.storyboard;
			sourceTree = "<group>";
		};
		6A6616A822BB78C50062267D /* LaunchScreen.storyboard */ = {
			isa = PBXVariantGroup;
			children = (
				6A6616A922BB78C50062267D /* Base */,
			);
			name = LaunchScreen.storyboard;
			sourceTree = "<group>";
		};
/* End PBXVariantGroup section */

/* Begin XCBuildConfiguration section */
		6A6616C222BB78C50062267D /* Debug */ = {
			isa = XCBuildConfiguration;
			buildSettings = {
				ALWAYS_SEARCH_USER_PATHS = NO;
				CLANG_ANALYZER_NONNULL = YES;
				CLANG_ANALYZER_NUMBER_OBJECT_CONVERSION = YES_AGGRESSIVE;
				CLANG_CXX_LANGUAGE_STANDARD = "gnu++14";
				CLANG_CXX_LIBRARY = "libc++";
				CLANG_ENABLE_MODULES = YES;
				CLANG_ENABLE_OBJC_ARC = YES;
				CLANG_ENABLE_OBJC_WEAK = YES;
				CLANG_WARN_BLOCK_CAPTURE_AUTORELEASING = YES;
				CLANG_WARN_BOOL_CONVERSION = YES;
				CLANG_WARN_COMMA = YES;
				CLANG_WARN_CONSTANT_CONVERSION = YES;
				CLANG_WARN_DEPRECATED_OBJC_IMPLEMENTATIONS = YES;
				CLANG_WARN_DIRECT_OBJC_ISA_USAGE = YES_ERROR;
				CLANG_WARN_DOCUMENTATION_COMMENTS = YES;
				CLANG_WARN_EMPTY_BODY = YES;
				CLANG_WARN_ENUM_CONVERSION = YES;
				CLANG_WARN_INFINITE_RECURSION = YES;
				CLANG_WARN_INT_CONVERSION = YES;
				CLANG_WARN_NON_LITERAL_NULL_CONVERSION = YES;
				CLANG_WARN_OBJC_IMPLICIT_RETAIN_SELF = YES;
				CLANG_WARN_OBJC_LITERAL_CONVERSION = YES;
				CLANG_WARN_OBJC_ROOT_CLASS = YES_ERROR;
				CLANG_WARN_RANGE_LOOP_ANALYSIS = YES;
				CLANG_WARN_STRICT_PROTOTYPES = YES;
				CLANG_WARN_SUSPICIOUS_MOVE = YES;
				CLANG_WARN_UNGUARDED_AVAILABILITY = YES_AGGRESSIVE;
				CLANG_WARN_UNREACHABLE_CODE = YES;
				CLANG_WARN__DUPLICATE_METHOD_MATCH = YES;
				CODE_SIGN_IDENTITY = "iPhone Developer";
				COPY_PHASE_STRIP = NO;
				DEBUG_INFORMATION_FORMAT = dwarf;
				ENABLE_STRICT_OBJC_MSGSEND = YES;
				ENABLE_TESTABILITY = YES;
				GCC_C_LANGUAGE_STANDARD = gnu11;
				GCC_DYNAMIC_NO_PIC = NO;
				GCC_NO_COMMON_BLOCKS = YES;
				GCC_OPTIMIZATION_LEVEL = 0;
				GCC_PREPROCESSOR_DEFINITIONS = (
					"DEBUG=1",
					"$(inherited)",
				);
				GCC_WARN_64_TO_32_BIT_CONVERSION = YES;
				GCC_WARN_ABOUT_RETURN_TYPE = YES_ERROR;
				GCC_WARN_UNDECLARED_SELECTOR = YES;
				GCC_WARN_UNINITIALIZED_AUTOS = YES_AGGRESSIVE;
				GCC_WARN_UNUSED_FUNCTION = YES;
				GCC_WARN_UNUSED_VARIABLE = YES;
				IPHONEOS_DEPLOYMENT_TARGET = 12.1;
				MTL_ENABLE_DEBUG_INFO = INCLUDE_SOURCE;
				MTL_FAST_MATH = YES;
				ONLY_ACTIVE_ARCH = YES;
				SDKROOT = iphoneos;
				SWIFT_ACTIVE_COMPILATION_CONDITIONS = DEBUG;
				SWIFT_OPTIMIZATION_LEVEL = "-Onone";
			};
			name = Debug;
		};
		6A6616C322BB78C50062267D /* Release */ = {
			isa = XCBuildConfiguration;
			buildSettings = {
				ALWAYS_SEARCH_USER_PATHS = NO;
				CLANG_ANALYZER_NONNULL = YES;
				CLANG_ANALYZER_NUMBER_OBJECT_CONVERSION = YES_AGGRESSIVE;
				CLANG_CXX_LANGUAGE_STANDARD = "gnu++14";
				CLANG_CXX_LIBRARY = "libc++";
				CLANG_ENABLE_MODULES = YES;
				CLANG_ENABLE_OBJC_ARC = YES;
				CLANG_ENABLE_OBJC_WEAK = YES;
				CLANG_WARN_BLOCK_CAPTURE_AUTORELEASING = YES;
				CLANG_WARN_BOOL_CONVERSION = YES;
				CLANG_WARN_COMMA = YES;
				CLANG_WARN_CONSTANT_CONVERSION = YES;
				CLANG_WARN_DEPRECATED_OBJC_IMPLEMENTATIONS = YES;
				CLANG_WARN_DIRECT_OBJC_ISA_USAGE = YES_ERROR;
				CLANG_WARN_DOCUMENTATION_COMMENTS = YES;
				CLANG_WARN_EMPTY_BODY = YES;
				CLANG_WARN_ENUM_CONVERSION = YES;
				CLANG_WARN_INFINITE_RECURSION = YES;
				CLANG_WARN_INT_CONVERSION = YES;
				CLANG_WARN_NON_LITERAL_NULL_CONVERSION = YES;
				CLANG_WARN_OBJC_IMPLICIT_RETAIN_SELF = YES;
				CLANG_WARN_OBJC_LITERAL_CONVERSION = YES;
				CLANG_WARN_OBJC_ROOT_CLASS = YES_ERROR;
				CLANG_WARN_RANGE_LOOP_ANALYSIS = YES;
				CLANG_WARN_STRICT_PROTOTYPES = YES;
				CLANG_WARN_SUSPICIOUS_MOVE = YES;
				CLANG_WARN_UNGUARDED_AVAILABILITY = YES_AGGRESSIVE;
				CLANG_WARN_UNREACHABLE_CODE = YES;
				CLANG_WARN__DUPLICATE_METHOD_MATCH = YES;
				CODE_SIGN_IDENTITY = "iPhone Developer";
				COPY_PHASE_STRIP = NO;
				DEBUG_INFORMATION_FORMAT = "dwarf-with-dsym";
				ENABLE_NS_ASSERTIONS = NO;
				ENABLE_STRICT_OBJC_MSGSEND = YES;
				GCC_C_LANGUAGE_STANDARD = gnu11;
				GCC_NO_COMMON_BLOCKS = YES;
				GCC_WARN_64_TO_32_BIT_CONVERSION = YES;
				GCC_WARN_ABOUT_RETURN_TYPE = YES_ERROR;
				GCC_WARN_UNDECLARED_SELECTOR = YES;
				GCC_WARN_UNINITIALIZED_AUTOS = YES_AGGRESSIVE;
				GCC_WARN_UNUSED_FUNCTION = YES;
				GCC_WARN_UNUSED_VARIABLE = YES;
				IPHONEOS_DEPLOYMENT_TARGET = 12.1;
				MTL_ENABLE_DEBUG_INFO = NO;
				MTL_FAST_MATH = YES;
				SDKROOT = iphoneos;
				SWIFT_COMPILATION_MODE = wholemodule;
				SWIFT_OPTIMIZATION_LEVEL = "-O";
				VALIDATE_PRODUCT = YES;
			};
			name = Release;
		};
		6A6616C522BB78C50062267D /* Debug */ = {
			isa = XCBuildConfiguration;
			buildSettings = {
				ASSETCATALOG_COMPILER_APPICON_NAME = AppIcon;
				CODE_SIGN_STYLE = Automatic;
				DEVELOPMENT_TEAM = 67XDG42679;
				INFOPLIST_FILE = NewAppSwift/Info.plist;
				LD_RUNPATH_SEARCH_PATHS = (
					"$(inherited)",
					"@executable_path/Frameworks",
				);
				PRODUCT_BUNDLE_IDENTIFIER = com.Tuentuenna.NewAppSwift;
				PRODUCT_NAME = "$(TARGET_NAME)";
				SWIFT_VERSION = 4.2;
				TARGETED_DEVICE_FAMILY = "1,2";
			};
			name = Debug;
		};
		6A6616C622BB78C50062267D /* Release */ = {
			isa = XCBuildConfiguration;
			buildSettings = {
				ASSETCATALOG_COMPILER_APPICON_NAME = AppIcon;
				CODE_SIGN_STYLE = Automatic;
				DEVELOPMENT_TEAM = 67XDG42679;
				INFOPLIST_FILE = NewAppSwift/Info.plist;
				LD_RUNPATH_SEARCH_PATHS = (
					"$(inherited)",
					"@executable_path/Frameworks",
				);
				PRODUCT_BUNDLE_IDENTIFIER = com.Tuentuenna.NewAppSwift;
				PRODUCT_NAME = "$(TARGET_NAME)";
				SWIFT_VERSION = 4.2;
				TARGETED_DEVICE_FAMILY = "1,2";
			};
			name = Release;
		};
		6A6616C822BB78C50062267D /* Debug */ = {
			isa = XCBuildConfiguration;
			buildSettings = {
				ALWAYS_EMBED_SWIFT_STANDARD_LIBRARIES = YES;
				BUNDLE_LOADER = "$(TEST_HOST)";
				CODE_SIGN_STYLE = Automatic;
				DEVELOPMENT_TEAM = 67XDG42679;
				INFOPLIST_FILE = NewAppSwiftTests/Info.plist;
				LD_RUNPATH_SEARCH_PATHS = (
					"$(inherited)",
					"@executable_path/Frameworks",
					"@loader_path/Frameworks",
				);
				PRODUCT_BUNDLE_IDENTIFIER = com.Tuentuenna.NewAppSwiftTests;
				PRODUCT_NAME = "$(TARGET_NAME)";
				SWIFT_VERSION = 4.2;
				TARGETED_DEVICE_FAMILY = "1,2";
				TEST_HOST = "$(BUILT_PRODUCTS_DIR)/NewAppSwift.app/NewAppSwift";
			};
			name = Debug;
		};
		6A6616C922BB78C50062267D /* Release */ = {
			isa = XCBuildConfiguration;
			buildSettings = {
				ALWAYS_EMBED_SWIFT_STANDARD_LIBRARIES = YES;
				BUNDLE_LOADER = "$(TEST_HOST)";
				CODE_SIGN_STYLE = Automatic;
				DEVELOPMENT_TEAM = 67XDG42679;
				INFOPLIST_FILE = NewAppSwiftTests/Info.plist;
				LD_RUNPATH_SEARCH_PATHS = (
					"$(inherited)",
					"@executable_path/Frameworks",
					"@loader_path/Frameworks",
				);
				PRODUCT_BUNDLE_IDENTIFIER = com.Tuentuenna.NewAppSwiftTests;
				PRODUCT_NAME = "$(TARGET_NAME)";
				SWIFT_VERSION = 4.2;
				TARGETED_DEVICE_FAMILY = "1,2";
				TEST_HOST = "$(BUILT_PRODUCTS_DIR)/NewAppSwift.app/NewAppSwift";
			};
			name = Release;
		};
		6A6616CB22BB78C50062267D /* Debug */ = {
			isa = XCBuildConfiguration;
			buildSettings = {
				ALWAYS_EMBED_SWIFT_STANDARD_LIBRARIES = YES;
				CODE_SIGN_STYLE = Automatic;
				DEVELOPMENT_TEAM = 67XDG42679;
				INFOPLIST_FILE = NewAppSwiftUITests/Info.plist;
				LD_RUNPATH_SEARCH_PATHS = (
					"$(inherited)",
					"@executable_path/Frameworks",
					"@loader_path/Frameworks",
				);
				PRODUCT_BUNDLE_IDENTIFIER = com.Tuentuenna.NewAppSwiftUITests;
				PRODUCT_NAME = "$(TARGET_NAME)";
				SWIFT_VERSION = 4.2;
				TARGETED_DEVICE_FAMILY = "1,2";
				TEST_TARGET_NAME = NewAppSwift;
			};
			name = Debug;
		};
		6A6616CC22BB78C50062267D /* Release */ = {
			isa = XCBuildConfiguration;
			buildSettings = {
				ALWAYS_EMBED_SWIFT_STANDARD_LIBRARIES = YES;
				CODE_SIGN_STYLE = Automatic;
				DEVELOPMENT_TEAM = 67XDG42679;
				INFOPLIST_FILE = NewAppSwiftUITests/Info.plist;
				LD_RUNPATH_SEARCH_PATHS = (
					"$(inherited)",
					"@executable_path/Frameworks",
					"@loader_path/Frameworks",
				);
				PRODUCT_BUNDLE_IDENTIFIER = com.Tuentuenna.NewAppSwiftUITests;
				PRODUCT_NAME = "$(TARGET_NAME)";
				SWIFT_VERSION = 4.2;
				TARGETED_DEVICE_FAMILY = "1,2";
				TEST_TARGET_NAME = NewAppSwift;
			};
			name = Release;
		};
/* End XCBuildConfiguration section */

/* Begin XCConfigurationList section */
		6A66169722BB78C30062267D /* Build configuration list for PBXProject "NewAppSwift" */ = {
			isa = XCConfigurationList;
			buildConfigurations = (
				6A6616C222BB78C50062267D /* Debug */,
				6A6616C322BB78C50062267D /* Release */,
			);
			defaultConfigurationIsVisible = 0;
			defaultConfigurationName = Release;
		};
		6A6616C422BB78C50062267D /* Build configuration list for PBXNativeTarget "NewAppSwift" */ = {
			isa = XCConfigurationList;
			buildConfigurations = (
				6A6616C522BB78C50062267D /* Debug */,
				6A6616C622BB78C50062267D /* Release */,
			);
			defaultConfigurationIsVisible = 0;
			defaultConfigurationName = Release;
		};
		6A6616C722BB78C50062267D /* Build configuration list for PBXNativeTarget "NewAppSwiftTests" */ = {
			isa = XCConfigurationList;
			buildConfigurations = (
				6A6616C822BB78C50062267D /* Debug */,
				6A6616C922BB78C50062267D /* Release */,
			);
			defaultConfigurationIsVisible = 0;
			defaultConfigurationName = Release;
		};
		6A6616CA22BB78C50062267D /* Build configuration list for PBXNativeTarget "NewAppSwiftUITests" */ = {
			isa = XCConfigurationList;
			buildConfigurations = (
				6A6616CB22BB78C50062267D /* Debug */,
				6A6616CC22BB78C50062267D /* Release */,
			);
			defaultConfigurationIsVisible = 0;
			defaultConfigurationName = Release;
		};
/* End XCConfigurationList section */
	};
	rootObject = 6A66169422BB78C30062267D /* Project object */;
}
